# This file was autogenerated by uv via the following command:
#    uv pip compile pyproject.toml --python-version 3.12 --universal --generate-hashes -o requirements.lock
boto3==1.38.23 \
    --hash=sha256:70ab8364f1f6f0a7e0eaf97f62fbdacf9c1e4cc1de330faf1c146ef9ab01e7d0 \
    --hash=sha256:bcf73aca469add09e165b8793be18e7578db8d2604d82505ab13dc2495bad982
    # via rungrid (pyproject.toml)
botocore==1.38.46 \
    --hash=sha256:8798e5a418c27cf93195b077153644aea44cb171fcd56edc1ecebaa1e49e226e \
    --hash=sha256:89ca782ffbf2e8769ca9c89234cfa5ca577f1987d07d913ee3c68c4776b1eb5b
    # via
    #   boto3
    #   s3transfer
grpcio==1.72.1 \
    --hash=sha256:00da930aa2711b955a538e835096aa365a4b7f2701bdc2ce1febb242a103f8a1 \
    --hash=sha256:06c023d86398714d6257194c21f2bc0b58a53ce45cee87dd3c54c7932c590e17 \
    --hash=sha256:06dbe54eeea5f9dfb3e7ca2ff66c715ff5fc96b07a1feb322122fe14cb42f6aa \
    --hash=sha256:082003cb93618964c111c70d69b60ac0dc6566d4c254c9b2a775faa2965ba8f8 \
    --hash=sha256:0db2766d0c482ee740abbe7d00a06cc4fb54f7e5a24d3cf27c3352be18a2b1e8 \
    --hash=sha256:1a0d19947d4480af5f363f077f221e665931f479e2604280ac4eafe6daa71f77 \
    --hash=sha256:212db80b1e8aa7792d51269bfb32164e2333a9bb273370ace3ed2a378505cb01 \
    --hash=sha256:22ea2aa92a60dff231ba5fcd7f0220a33c2218e556009996f858eeafe294d1c2 \
    --hash=sha256:237bb619ba33594006025e6f114f62e60d9563afd6f8e89633ee384868e26687 \
    --hash=sha256:294be6e9c323a197434569a41e0fb5b5aa0962fd5d55a3dc890ec5df985f611a \
    --hash=sha256:299f3ea4e03c1d0548f4a174b48d612412f92c667f2100e30a079ab76fdaa813 \
    --hash=sha256:2ada1abe2ad122b42407b2bfd79d6706a4940d4797f44bd740f5c98ca1ecda9b \
    --hash=sha256:3269cfca37570a420a57a785f2a5d4234c5b12aced55f8843dafced2d3f8c9a6 \
    --hash=sha256:329cc6ff5b431df9614340d3825b066a1ff0a5809a01ba2e976ef48c65a0490b \
    --hash=sha256:409ee0abf7e74bbf88941046142452cf3d1f3863d34e11e8fd2b07375170c730 \
    --hash=sha256:41ec164dac8df2862f67457d9cdf8d8f8b6a4ca475a3ed1ba6547fff98d93717 \
    --hash=sha256:4b657773480267fbb7ad733fa85abc103c52ab62e5bc97791faf82c53836eefc \
    --hash=sha256:4ca56d955564db749c9c6d75e9c4c777854e22b2482d247fb6c5a02d5f28ea78 \
    --hash=sha256:4e112c083f90c330b0eaa78a633fb206d49c20c443926e827f8cac9eb9d2ea32 \
    --hash=sha256:524bad78d610fa1f9f316d47b3aab1ff89d438ba952ee34e3e335ca80a27ba96 \
    --hash=sha256:65a5ef28e5852bd281c6d01a923906e8036736e95e370acab8626fcbec041e67 \
    --hash=sha256:7497dbdf220b88b66004e2630fb2b1627df5e279db970d3cc20f70d39dce978d \
    --hash=sha256:761736f75c6ddea3732d97eaabe70c616271f5f542a8be95515135fdd1a638f6 \
    --hash=sha256:7622ef647dc911ed010a817d9be501df4ae83495b8e5cdd35b555bdcf3880a3e \
    --hash=sha256:7a66cef4bc1db81a54108a849e95650da640c9bc1901957bf7d3b1eeb3251ee8 \
    --hash=sha256:7db9e15ee7618fbea748176a67d347f3100fa92d36acccd0e7eeb741bc82f72a \
    --hash=sha256:841db55dd29cf2f4121b853b2f89813a1b6175163fbb92c5945fb1b0ca259ef2 \
    --hash=sha256:8660f736da75424949c14f7c8b1ac60a25b2f37cabdec95181834b405373e8a7 \
    --hash=sha256:87f62c94a40947cec1a0f91f95f5ba0aa8f799f23a1d42ae5be667b6b27b959c \
    --hash=sha256:8941b83addd503c1982090b4631804d0ff1edbbc6c85c9c20ed503b1dc65fef9 \
    --hash=sha256:8d6e7764181ba4a8b74aa78c98a89c9f3441068ebcee5d6f14c44578214e0be3 \
    --hash=sha256:95c2cde3ae8ae901317c049394ed8d3c6964de6b814ae65fc68636a7337b63aa \
    --hash=sha256:9717617ba2ff65c058ef53b0d5e50f03e8350f0c5597f93bb5c980a31db990c8 \
    --hash=sha256:9e5c594a6c779d674204fb9bdaa1e7b71666ff10b34a62e7769fc6868b5d7511 \
    --hash=sha256:a08b483f17a6abca2578283a7ae3aa8d4d90347242b0de2898bdb27395c3f20b \
    --hash=sha256:a7f1d8a442fd242aa432c8e1b8411c79ebc409dad2c637614d726e226ce9ed0c \
    --hash=sha256:addc721a3708ff789da1bf69876018dc730c1ec9d3d3cb6912776a00c535a5bc \
    --hash=sha256:b08a3ef14d2b01eef13882c6d3a2d8fb5fcd73db81bd1e3ab69d4ee75215433a \
    --hash=sha256:ba593aa2cd52f4468ba29668c83f893d88c128198d6b1273ca788ef53e3ae5fe \
    --hash=sha256:bb64722c3124c906a5b66e50a90fd36442642f653ba88a24f67d08e94bca59f3 \
    --hash=sha256:c4bdb404d9c2187260b34e2b22783c204fba8a9023a166cf77376190d9cf5a08 \
    --hash=sha256:c6f7e3275832adab7384193f78b8c1a98b82541562fa08d7244e8a6b4b5c78a4 \
    --hash=sha256:ce2706ff37be7a6de68fbc4c3f8dde247cab48cc70fee5fedfbc9cd923b4ee5a \
    --hash=sha256:d29b80290c5eda561a4c291d6d5b4315a2a5095ab37061118d6e0781858aca0a \
    --hash=sha256:d324f4bdb990d852d79b38c59a12d24fcd47cf3b1a38f2e4d2b6d0b1031bc818 \
    --hash=sha256:dd03c8847c47ef7ac5455aafdfb5e553ecf84f228282bd6106762b379f27c25c \
    --hash=sha256:ea483e408fac55569c11158c3e6d6d6a8c3b0f798b68f1c10db9b22c5996e19b \
    --hash=sha256:f2359bd4bba85bf94fd9ab8802671b9637a6803bb673d221157a11523a52e6a8 \
    --hash=sha256:f8d8fa7cd2a7f1b4207e215dec8bc07f1202682d9a216ebe028185c15faece30 \
    --hash=sha256:fc0435ad45d540597f78978e3fd5515b448193f51f9065fb67dda566336e0f5f \
    --hash=sha256:fd7df49801b3b323e4a21047979e3834cd286b32ee5ceee46f5217826274721f
    # via rungrid (pyproject.toml)
jmespath==1.1.0 \
    --hash=sha256:472c87d80f36026ae83c6ddd0f1d05d4e510134ed462851fd5f754c8c3cbb88d \
    --hash=sha256:a5663118de4908c91729bea0acadca56526eb2698e83de10cd116ae0f4e97c64
    # via
    #   boto3
    #   botocore
protobuf==6.33.6 \
    --hash=sha256:0cd27b587afca21b7cfa59a74dcbd48a50f0a6400cfb59391340ad729d91d326 \
    --hash=sha256:77179e006c476e69bf8e8ce866640091ec42e1beb80b213c3900006ecfba6901 \
    --hash=sha256:7d29d9b65f8afef196f8334e80d6bc1d5d4adedb449971fefd3723824e6e77d3 \
    --hash=sha256:9720e6961b251bde64edfdab7d500725a2af5280f3f4c87e57c0208376aa8c3a \
    --hash=sha256:a6768d25248312c297558af96a9f9c929e8c4cee0659cb07e780731095f38135 \
    --hash=sha256:bd56799fb262994b2c2faa1799693c95cc2e22c62f56fb43af311cae45d26f0e \
    --hash=sha256:c96c37eec15086b79762ed265d59ab204dabc53056e3443e702d2681f4b39ce3 \
    --hash=sha256:e2afbae9b8e1825e3529f88d514754e094278bb95eadc0e199751cdd9a2e82a2 \
    --hash=sha256:e9db7e292e0ab79dd108d7f1a94fe31601ce1ee3f7b79e0692043423020b0593 \
    --hash=sha256:f443a394af5ed23672bc6c486be138628fbe5c651ccbc536873d7da23d1868cf
    # via rungrid (pyproject.toml)
python-dateutil==2.9.0.post0 \
    --hash=sha256:37dd54208da7e1cd875388217d5e00ebd4179249f90fb72437e91a35459a0ad3 \
    --hash=sha256:a8b2bc7bffae282281c8140a97d3aa9c14da0b136dfe83f850eea9a5f7470427
    # via botocore
s3transfer==0.13.1 \
    --hash=sha256:a981aa7429be23fe6dfc13e80e4020057cbab622b08c0315288758d67cabc724 \
    --hash=sha256:c3fdba22ba1bd367922f27ec8032d6a1cf5f10c934fb5d68cf60fd5a23d936cf
    # via boto3
six==1.17.0 \
    --hash=sha256:4721f391ed90541fddacab5acf947aa0d3dc7d27b2e1e8eda2be8970586c3274 \
    --hash=sha256:ff70335d468e7eb6ec65b95b99d3a2836546063f63acc5171de367e834932a81
    # via python-dateutil
urllib3==2.7.0 \
    --hash=sha256:231e0ec3b63ceb14667c67be60f2f2c40a518cb38b03af60abc813da26505f4c \
    --hash=sha256:9fb4c81ebbb1ce9531cce37674bbc6f1360472bc18ca9a553ede278ef7276897
    # via botocore
